// !$*UTF8*$!
{
	archiveVersion = 1;
	classes = {
	};
	objectVersion = 46;
	objects = {

/* Begin PBXBuildFile section */
		36CCB3BD04B449C988722EEE /* libPods.a in Frameworks */ = {isa = PBXBuildFile; fileRef = CD94C9F1233441FF8967685C /* libPods.a */; };
		BCC03659184E7A09003662D9 /* DDColorPickerViewController.m in Sources */ = {isa = PBXBuildFile; fileRef = BCC03658184E7A09003662D9 /* DDColorPickerViewController.m */; };
		BCC0365A184E7A09003662D9 /* DDColorPickerViewController.m in Sources */ = {isa = PBXBuildFile; fileRef = BCC03658184E7A09003662D9 /* DDColorPickerViewController.m */; };
		BCC0365E184E7BF5003662D9 /* DDColorWheel.m in Sources */ = {isa = PBXBuildFile; fileRef = BCC0365D184E7BF5003662D9 /* DDColorWheel.m */; };
		BCC0365F184E7BF5003662D9 /* DDColorWheel.m in Sources */ = {isa = PBXBuildFile; fileRef = BCC0365D184E7BF5003662D9 /* DDColorWheel.m */; };
		BCC03661184F9639003662D9 /* Accelerate.framework in Frameworks */ = {isa = PBXBuildFile; fileRef = BCC03660184F9639003662D9 /* Accelerate.framework */; };
		BCDAFAF0184E78AD00CC5EC9 /* Foundation.framework in Frameworks */ = {isa = PBXBuildFile; fileRef = BCDAFAEF184E78AD00CC5EC9 /* Foundation.framework */; };
		BCDAFAF2184E78AD00CC5EC9 /* CoreGraphics.framework in Frameworks */ = {isa = PBXBuildFile; fileRef = BCDAFAF1184E78AD00CC5EC9 /* CoreGraphics.framework */; };
		BCDAFAF4184E78AD00CC5EC9 /* UIKit.framework in Frameworks */ = {isa = PBXBuildFile; fileRef = BCDAFAF3184E78AD00CC5EC9 /* UIKit.framework */; };
		BCDAFAFA184E78AD00CC5EC9 /* InfoPlist.strings in Resources */ = {isa = PBXBuildFile; fileRef = BCDAFAF8184E78AD00CC5EC9 /* InfoPlist.strings */; };
		BCDAFAFC184E78AD00CC5EC9 /* main.m in Sources */ = {isa = PBXBuildFile; fileRef = BCDAFAFB184E78AD00CC5EC9 /* main.m */; };
		BCDAFB00184E78AD00CC5EC9 /* DDAppDelegate.m in Sources */ = {isa = PBXBuildFile; fileRef = BCDAFAFF184E78AD00CC5EC9 /* DDAppDelegate.m */; };
		BCDAFB03184E78AD00CC5EC9 /* Main_iPhone.storyboard in Resources */ = {isa = PBXBuildFile; fileRef = BCDAFB01184E78AD00CC5EC9 /* Main_iPhone.storyboard */; };
		BCDAFB06184E78AD00CC5EC9 /* Main_iPad.storyboard in Resources */ = {isa = PBXBuildFile; fileRef = BCDAFB04184E78AD00CC5EC9 /* Main_iPad.storyboard */; };
		BCDAFB09184E78AD00CC5EC9 /* DDViewController.m in Sources */ = {isa = PBXBuildFile; fileRef = BCDAFB08184E78AD00CC5EC9 /* DDViewController.m */; };
		BCDAFB0B184E78AD00CC5EC9 /* Images.xcassets in Resources */ = {isa = PBXBuildFile; fileRef = BCDAFB0A184E78AD00CC5EC9 /* Images.xcassets */; };
		BCDAFB12184E78AD00CC5EC9 /* XCTest.framework in Frameworks */ = {isa = PBXBuildFile; fileRef = BCDAFB11184E78AD00CC5EC9 /* XCTest.framework */; };
		BCDAFB13184E78AD00CC5EC9 /* Foundation.framework in Frameworks */ = {isa = PBXBuildFile; fileRef = BCDAFAEF184E78AD00CC5EC9 /* Foundation.framework */; };
		BCDAFB14184E78AD00CC5EC9 /* UIKit.framework in Frameworks */ = {isa = PBXBuildFile; fileRef = BCDAFAF3184E78AD00CC5EC9 /* UIKit.framework */; };
		BCDAFB1C184E78AD00CC5EC9 /* InfoPlist.strings in Resources */ = {isa = PBXBuildFile; fileRef = BCDAFB1A184E78AD00CC5EC9 /* InfoPlist.strings */; };
		BCDAFB1E184E78AD00CC5EC9 /* DDColorPickerTests.m in Sources */ = {isa = PBXBuildFile; fileRef = BCDAFB1D184E78AD00CC5EC9 /* DDColorPickerTests.m */; };
/* End PBXBuildFile section */

/* Begin PBXContainerItemProxy section */
		BCDAFB15184E78AD00CC5EC9 /* PBXContainerItemProxy */ = {
			isa = PBXContainerItemProxy;
			containerPortal = BCDAFAE4184E78AD00CC5EC9 /* Project object */;
			proxyType = 1;
			remoteGlobalIDString = BCDAFAEB184E78AD00CC5EC9;
			remoteInfo = DDColorPicker;
		};
/* End PBXContainerItemProxy section */

/* Begin PBXFileReference section */
		BCC03657184E7A09003662D9 /* DDColorPickerViewController.h */ = {isa = PBXFileReference; fileEncoding = 4; lastKnownFileType = sourcecode.c.h; name = DDColorPickerViewController.h; path = DDColorPicker/DDColorPickerViewController.h; sourceTree = "<group>"; };
		BCC03658184E7A09003662D9 /* DDColorPickerViewController.m */ = {isa = PBXFileReference; fileEncoding = 4; lastKnownFileType = sourcecode.c.objc; name = DDColorPickerViewController.m; path = DDColorPicker/DDColorPickerViewController.m; sourceTree = "<group>"; };
		BCC0365C184E7BF5003662D9 /* DDColorWheel.h */ = {isa = PBXFileReference; fileEncoding = 4; lastKnownFileType = sourcecode.c.h; name = DDColorWheel.h; path = DDColorPicker/DDColorWheel.h; sourceTree = "<group>"; };
		BCC0365D184E7BF5003662D9 /* DDColorWheel.m */ = {isa = PBXFileReference; fileEncoding = 4; lastKnownFileType = sourcecode.c.objc; name = DDColorWheel.m; path = DDColorPicker/DDColorWheel.m; sourceTree = "<group>"; };
		BCC03660184F9639003662D9 /* Accelerate.framework */ = {isa = PBXFileReference; lastKnownFileType = wrapper.framework; name = Accelerate.framework; path = System/Library/Frameworks/Accelerate.framework; sourceTree = SDKROOT; };
		BCDAFAEC184E78AD00CC5EC9 /* DDColorPicker.app */ = {isa = PBXFileReference; explicitFileType = wrapper.application; includeInIndex = 0; path = DDColorPicker.app; sourceTree = BUILT_PRODUCTS_DIR; };
		BCDAFAEF184E78AD00CC5EC9 /* Foundation.framework */ = {isa = PBXFileReference; lastKnownFileType = wrapper.framework; name = Foundation.framework; path = System/Library/Frameworks/Foundation.framework; sourceTree = SDKROOT; };
		BCDAFAF1184E78AD00CC5EC9 /* CoreGraphics.framework */ = {isa = PBXFileReference; lastKnownFileType = wrapper.framework; name = CoreGraphics.framework; path = System/Library/Frameworks/CoreGraphics.framework; sourceTree = SDKROOT; };
		BCDAFAF3184E78AD00CC5EC9 /* UIKit.framework */ = {isa = PBXFileReference; lastKnownFileType = wrapper.framework; name = UIKit.framework; path = System/Library/Frameworks/UIKit.framework; sourceTree = SDKROOT; };
		BCDAFAF7184E78AD00CC5EC9 /* DDColorPicker-Info.plist */ = {isa = PBXFileReference; lastKnownFileType = text.plist.xml; path = "DDColorPicker-Info.plist"; sourceTree = "<group>"; };
		BCDAFAF9184E78AD00CC5EC9 /* en */ = {isa = PBXFileReference; lastKnownFileType = text.plist.strings; name = en; path = en.lproj/InfoPlist.strings; sourceTree = "<group>"; };
		BCDAFAFB184E78AD00CC5EC9 /* main.m */ = {isa = PBXFileReference; lastKnownFileType = sourcecode.c.objc; path = main.m; sourceTree = "<group>"; };
		BCDAFAFD184E78AD00CC5EC9 /* DDColorPicker-Prefix.pch */ = {isa = PBXFileReference; lastKnownFileType = sourcecode.c.h; path = "DDColorPicker-Prefix.pch"; sourceTree = "<group>"; };
		BCDAFAFE184E78AD00CC5EC9 /* DDAppDelegate.h */ = {isa = PBXFileReference; lastKnownFileType = sourcecode.c.h; path = DDAppDelegate.h; sourceTree = "<group>"; };
		BCDAFAFF184E78AD00CC5EC9 /* DDAppDelegate.m */ = {isa = PBXFileReference; lastKnownFileType = sourcecode.c.objc; path = DDAppDelegate.m; sourceTree = "<group>"; };
		BCDAFB02184E78AD00CC5EC9 /* Base */ = {isa = PBXFileReference; lastKnownFileType = file.storyboard; name = Base; path = Base.lproj/Main_iPhone.storyboard; sourceTree = "<group>"; };
		BCDAFB05184E78AD00CC5EC9 /* Base */ = {isa = PBXFileReference; lastKnownFileType = file.storyboard; name = Base; path = Base.lproj/Main_iPad.storyboard; sourceTree = "<group>"; };
		BCDAFB07184E78AD00CC5EC9 /* DDViewController.h */ = {isa = PBXFileReference; lastKnownFileType = sourcecode.c.h; path = DDViewController.h; sourceTree = "<group>"; };
		BCDAFB08184E78AD00CC5EC9 /* DDViewController.m */ = {isa = PBXFileReference; lastKnownFileType = sourcecode.c.objc; path = DDViewController.m; sourceTree = "<group>"; };
		BCDAFB0A184E78AD00CC5EC9 /* Images.xcassets */ = {isa = PBXFileReference; lastKnownFileType = folder.assetcatalog; path = Images.xcassets; sourceTree = "<group>"; };
		BCDAFB10184E78AD00CC5EC9 /* DDColorPickerTests.xctest */ = {isa = PBXFileReference; explicitFileType = wrapper.cfbundle; includeInIndex = 0; path = DDColorPickerTests.xctest; sourceTree = BUILT_PRODUCTS_DIR; };
		BCDAFB11184E78AD00CC5EC9 /* XCTest.framework */ = {isa = PBXFileReference; lastKnownFileType = wrapper.framework; name = XCTest.framework; path = Library/Frameworks/XCTest.framework; sourceTree = DEVELOPER_DIR; };
		BCDAFB19184E78AD00CC5EC9 /* DDColorPickerTests-Info.plist */ = {isa = PBXFileReference; lastKnownFileType = text.plist.xml; path = "DDColorPickerTests-Info.plist"; sourceTree = "<group>"; };
		BCDAFB1B184E78AD00CC5EC9 /* en */ = {isa = PBXFileReference; lastKnownFileType = text.plist.strings; name = en; path = en.lproj/InfoPlist.strings; sourceTree = "<group>"; };
		BCDAFB1D184E78AD00CC5EC9 /* DDColorPickerTests.m */ = {isa = PBXFileReference; lastKnownFileType = sourcecode.c.objc; path = DDColorPickerTests.m; sourceTree = "<group>"; };
		C6E42CA6FEEC4B6C8A84EA78 /* Pods.xcconfig */ = {isa = PBXFileReference; includeInIndex = 1; lastKnownFileType = text.xcconfig; name = Pods.xcconfig; path = Pods/Pods.xcconfig; sourceTree = "<group>"; };
		CD94C9F1233441FF8967685C /* libPods.a */ = {isa = PBXFileReference; explicitFileType = archive.ar; includeInIndex = 0; path = libPods.a; sourceTree = BUILT_PRODUCTS_DIR; };
/* End PBXFileReference section */

/* Begin PBXFrameworksBuildPhase section */
		BCDAFAE9184E78AD00CC5EC9 /* Frameworks */ = {
			isa = PBXFrameworksBuildPhase;
			buildActionMask = 2147483647;
			files = (
				BCC03661184F9639003662D9 /* Accelerate.framework in Frameworks */,
				BCDAFAF2184E78AD00CC5EC9 /* CoreGraphics.framework in Frameworks */,
				BCDAFAF4184E78AD00CC5EC9 /* UIKit.framework in Frameworks */,
				BCDAFAF0184E78AD00CC5EC9 /* Foundation.framework in Frameworks */,
				36CCB3BD04B449C988722EEE /* libPods.a in Frameworks */,
			);
			runOnlyForDeploymentPostprocessing = 0;
		};
		BCDAFB0D184E78AD00CC5EC9 /* Frameworks */ = {
			isa = PBXFrameworksBuildPhase;
			buildActionMask = 2147483647;
			files = (
				BCDAFB12184E78AD00CC5EC9 /* XCTest.framework in Frameworks */,
				BCDAFB14184E78AD00CC5EC9 /* UIKit.framework in Frameworks */,
				BCDAFB13184E78AD00CC5EC9 /* Foundation.framework in Frameworks */,
			);
			runOnlyForDeploymentPostprocessing = 0;
		};
/* End PBXFrameworksBuildPhase section */

/* Begin PBXGroup section */
		BCC0365B184E7A0E003662D9 /* DDColorPickerViewController */ = {
			isa = PBXGroup;
			children = (
				BCC03657184E7A09003662D9 /* DDColorPickerViewController.h */,
				BCC03658184E7A09003662D9 /* DDColorPickerViewController.m */,
				BCC0365C184E7BF5003662D9 /* DDColorWheel.h */,
				BCC0365D184E7BF5003662D9 /* DDColorWheel.m */,
			);
			name = DDColorPickerViewController;
			path = DDColorPicker;
			sourceTree = "<group>";
		};
		BCDAFAE3184E78AD00CC5EC9 = {
			isa = PBXGroup;
			children = (
				BCC0365B184E7A0E003662D9 /* DDColorPickerViewController */,
				BCDAFAF5184E78AD00CC5EC9 /* DDColorPicker */,
				BCDAFB17184E78AD00CC5EC9 /* DDColorPickerTests */,
				BCDAFAEE184E78AD00CC5EC9 /* Frameworks */,
				BCDAFAED184E78AD00CC5EC9 /* Products */,
				C6E42CA6FEEC4B6C8A84EA78 /* Pods.xcconfig */,
			);
			sourceTree = "<group>";
		};
		BCDAFAED184E78AD00CC5EC9 /* Products */ = {
			isa = PBXGroup;
			children = (
				BCDAFAEC184E78AD00CC5EC9 /* DDColorPicker.app */,
				BCDAFB10184E78AD00CC5EC9 /* DDColorPickerTests.xctest */,
			);
			name = Products;
			sourceTree = "<group>";
		};
		BCDAFAEE184E78AD00CC5EC9 /* Frameworks */ = {
			isa = PBXGroup;
			children = (
				BCC03660184F9639003662D9 /* Accelerate.framework */,
				BCDAFAEF184E78AD00CC5EC9 /* Foundation.framework */,
				BCDAFAF1184E78AD00CC5EC9 /* CoreGraphics.framework */,
				BCDAFAF3184E78AD00CC5EC9 /* UIKit.framework */,
				BCDAFB11184E78AD00CC5EC9 /* XCTest.framework */,
				CD94C9F1233441FF8967685C /* libPods.a */,
			);
			name = Frameworks;
			sourceTree = "<group>";
		};
		BCDAFAF5184E78AD00CC5EC9 /* DDColorPicker */ = {
			isa = PBXGroup;
			children = (
				BCDAFAFE184E78AD00CC5EC9 /* DDAppDelegate.h */,
				BCDAFAFF184E78AD00CC5EC9 /* DDAppDelegate.m */,
				BCDAFB01184E78AD00CC5EC9 /* Main_iPhone.storyboard */,
				BCDAFB04184E78AD00CC5EC9 /* Main_iPad.storyboard */,
				BCDAFB07184E78AD00CC5EC9 /* DDViewController.h */,
				BCDAFB08184E78AD00CC5EC9 /* DDViewController.m */,
				BCDAFB0A184E78AD00CC5EC9 /* Images.xcassets */,
				BCDAFAF6184E78AD00CC5EC9 /* Supporting Files */,
			);
			path = DDColorPicker;
			sourceTree = "<group>";
		};
		BCDAFAF6184E78AD00CC5EC9 /* Supporting Files */ = {
			isa = PBXGroup;
			children = (
				BCDAFAF7184E78AD00CC5EC9 /* DDColorPicker-Info.plist */,
				BCDAFAF8184E78AD00CC5EC9 /* InfoPlist.strings */,
				BCDAFAFB184E78AD00CC5EC9 /* main.m */,
				BCDAFAFD184E78AD00CC5EC9 /* DDColorPicker-Prefix.pch */,
			);
			name = "Supporting Files";
			sourceTree = "<group>";
		};
		BCDAFB17184E78AD00CC5EC9 /* DDColorPickerTests */ = {
			isa = PBXGroup;
			children = (
				BCDAFB1D184E78AD00CC5EC9 /* DDColorPickerTests.m */,
				BCDAFB18184E78AD00CC5EC9 /* Supporting Files */,
			);
			path = DDColorPickerTests;
			sourceTree = "<group>";
		};
		BCDAFB18184E78AD00CC5EC9 /* Supporting Files */ = {
			isa = PBXGroup;
			children = (
				BCDAFB19184E78AD00CC5EC9 /* DDColorPickerTests-Info.plist */,
				BCDAFB1A184E78AD00CC5EC9 /* InfoPlist.strings */,
			);
			name = "Supporting Files";
			sourceTree = "<group>";
		};
/* End PBXGroup section */

/* Begin PBXNativeTarget section */
		BCDAFAEB184E78AD00CC5EC9 /* DDColorPicker */ = {
			isa = PBXNativeTarget;
			buildConfigurationList = BCDAFB21184E78AD00CC5EC9 /* Build configuration list for PBXNativeTarget "DDColorPicker" */;
			buildPhases = (
				A43C32AC338643209D781D88 /* Check Pods Manifest.lock */,
				BCDAFAE8184E78AD00CC5EC9 /* Sources */,
				BCDAFAE9184E78AD00CC5EC9 /* Frameworks */,
				BCDAFAEA184E78AD00CC5EC9 /* Resources */,
				1EEF990D70DD4DF2B8A5E118 /* Copy Pods Resources */,
			);
			buildRules = (
			);
			dependencies = (
			);
			name = DDColorPicker;
			productName = DDColorPicker;
			productReference = BCDAFAEC184E78AD00CC5EC9 /* DDColorPicker.app */;
			productType = "com.apple.product-type.application";
		};
		BCDAFB0F184E78AD00CC5EC9 /* DDColorPickerTests */ = {
			isa = PBXNativeTarget;
			buildConfigurationList = BCDAFB24184E78AD00CC5EC9 /* Build configuration list for PBXNativeTarget "DDColorPickerTests" */;
			buildPhases = (
				BCDAFB0C184E78AD00CC5EC9 /* Sources */,
				BCDAFB0D184E78AD00CC5EC9 /* Frameworks */,
				BCDAFB0E184E78AD00CC5EC9 /* Resources */,
			);
			buildRules = (
			);
			dependencies = (
				BCDAFB16184E78AD00CC5EC9 /* PBXTargetDependency */,
			);
			name = DDColorPickerTests;
			productName = DDColorPickerTests;
			productReference = BCDAFB10184E78AD00CC5EC9 /* DDColorPickerTests.xctest */;
			productType = "com.apple.product-type.bundle.unit-test";
		};
/* End PBXNativeTarget section */

/* Begin PBXProject section */
		BCDAFAE4184E78AD00CC5EC9 /* Project object */ = {
			isa = PBXProject;
			attributes = {
				CLASSPREFIX = DD;
				LastUpgradeCheck = 0500;
				ORGANIZATIONNAME = "Delta Dog Studios";
				TargetAttributes = {
					BCDAFB0F184E78AD00CC5EC9 = {
						TestTargetID = BCDAFAEB184E78AD00CC5EC9;
					};
				};
			};
			buildConfigurationList = BCDAFAE7184E78AD00CC5EC9 /* Build configuration list for PBXProject "DDColorPicker" */;
			compatibilityVersion = "Xcode 3.2";
			developmentRegion = English;
			hasScannedForEncodings = 0;
			knownRegions = (
				en,
				Base,
			);
			mainGroup = BCDAFAE3184E78AD00CC5EC9;
			productRefGroup = BCDAFAED184E78AD00CC5EC9 /* Products */;
			projectDirPath = "";
			projectRoot = "";
			targets = (
				BCDAFAEB184E78AD00CC5EC9 /* DDColorPicker */,
				BCDAFB0F184E78AD00CC5EC9 /* DDColorPickerTests */,
			);
		};
/* End PBXProject section */

/* Begin PBXResourcesBuildPhase section */
		BCDAFAEA184E78AD00CC5EC9 /* Resources */ = {
			isa = PBXResourcesBuildPhase;
			buildActionMask = 2147483647;
			files = (
				BCDAFB06184E78AD00CC5EC9 /* Main_iPad.storyboard in Resources */,
				BCDAFB0B184E78AD00CC5EC9 /* Images.xcassets in Resources */,
				BCDAFB03184E78AD00CC5EC9 /* Main_iPhone.storyboard in Resources */,
				BCDAFAFA184E78AD00CC5EC9 /* InfoPlist.strings in Resources */,
			);
			runOnlyForDeploymentPostprocessing = 0;
		};
		BCDAFB0E184E78AD00CC5EC9 /* Resources */ = {
			isa = PBXResourcesBuildPhase;
			buildActionMask = 2147483647;
			files = (
				BCDAFB1C184E78AD00CC5EC9 /* InfoPlist.strings in Resources */,
			);
			runOnlyForDeploymentPostprocessing = 0;
		};
/* End PBXResourcesBuildPhase section */

/* Begin PBXShellScriptBuildPhase section */
		1EEF990D70DD4DF2B8A5E118 /* Copy Pods Resources */ = {
			isa = PBXShellScriptBuildPhase;
			buildActionMask = 2147483647;
			files = (
			);
			inputPaths = (
			);
			name = "Copy Pods Resources";
			outputPaths = (
			);
			runOnlyForDeploymentPostprocessing = 0;
			shellPath = /bin/sh;
			shellScript = "\"${SRCROOT}/Pods/Pods-resources.sh\"\n";
			showEnvVarsInLog = 0;
		};
		A43C32AC338643209D781D88 /* Check Pods Manifest.lock */ = {
			isa = PBXShellScriptBuildPhase;
			buildActionMask = 2147483647;
			files = (
			);
			inputPaths = (
			);
			name = "Check Pods Manifest.lock";
			outputPaths = (
			);
			runOnlyForDeploymentPostprocessing = 0;
			shellPath = /bin/sh;
			shellScript = "diff \"${PODS_ROOT}/../Podfile.lock\" \"${PODS_ROOT}/Manifest.lock\" > /dev/null\nif [[ $? != 0 ]] ; then\n    cat << EOM\nerror: The sandbox is not in sync with the Podfile.lock. Run 'pod install' or update your CocoaPods installation.\nEOM\n    exit 1\nfi\n";
			showEnvVarsInLog = 0;
		};
/* End PBXShellScriptBuildPhase section */

/* Begin PBXSourcesBuildPhase section */
		BCDAFAE8184E78AD00CC5EC9 /* Sources */ = {
			isa = PBXSourcesBuildPhase;
			buildActionMask = 2147483647;
			files = (
				BCC03659184E7A09003662D9 /* DDColorPickerViewController.m in Sources */,
				BCC0365E184E7BF5003662D9 /* DDColorWheel.m in Sources */,
				BCDAFB00184E78AD00CC5EC9 /* DDAppDelegate.m in Sources */,
				BCDAFB09184E78AD00CC5EC9 /* DDViewController.m in Sources */,
				BCDAFAFC184E78AD00CC5EC9 /* main.m in Sources */,
			);
			runOnlyForDeploymentPostprocessing = 0;
		};
		BCDAFB0C184E78AD00CC5EC9 /* Sources */ = {
			isa = PBXSourcesBuildPhase;
			buildActionMask = 2147483647;
			files = (
				BCC0365F184E7BF5003662D9 /* DDColorWheel.m in Sources */,
				BCC0365A184E7A09003662D9 /* DDColorPickerViewController.m in Sources */,
				BCDAFB1E184E78AD00CC5EC9 /* DDColorPickerTests.m in Sources */,
			);
			runOnlyForDeploymentPostprocessing = 0;
		};
/* End PBXSourcesBuildPhase section */

/* Begin PBXTargetDependency section */
		BCDAFB16184E78AD00CC5EC9 /* PBXTargetDependency */ = {
			isa = PBXTargetDependency;
			target = BCDAFAEB184E78AD00CC5EC9 /* DDColorPicker */;
			targetProxy = BCDAFB15184E78AD00CC5EC9 /* PBXContainerItemProxy */;
		};
/* End PBXTargetDependency section */

/* Begin PBXVariantGroup section */
		BCDAFAF8184E78AD00CC5EC9 /* InfoPlist.strings */ = {
			isa = PBXVariantGroup;
			children = (
				BCDAFAF9184E78AD00CC5EC9 /* en */,
			);
			name = InfoPlist.strings;
			sourceTree = "<group>";
		};
		BCDAFB01184E78AD00CC5EC9 /* Main_iPhone.storyboard */ = {
			isa = PBXVariantGroup;
			children = (
				BCDAFB02184E78AD00CC5EC9 /* Base */,
			);
			name = Main_iPhone.storyboard;
			sourceTree = "<group>";
		};
		BCDAFB04184E78AD00CC5EC9 /* Main_iPad.storyboard */ = {
			isa = PBXVariantGroup;
			children = (
				BCDAFB05184E78AD00CC5EC9 /* Base */,
			);
			name = Main_iPad.storyboard;
			sourceTree = "<group>";
		};
		BCDAFB1A184E78AD00CC5EC9 /* InfoPlist.strings */ = {
			isa = PBXVariantGroup;
			children = (
				BCDAFB1B184E78AD00CC5EC9 /* en */,
			);
			name = InfoPlist.strings;
			sourceTree = "<group>";
		};
/* End PBXVariantGroup section */

/* Begin XCBuildConfiguration section */
		BCDAFB1F184E78AD00CC5EC9 /* Debug */ = {
			isa = XCBuildConfiguration;
			buildSettings = {
				ALWAYS_SEARCH_USER_PATHS = NO;
				ARCHS = "$(ARCHS_STANDARD_INCLUDING_64_BIT)";
				CLANG_CXX_LANGUAGE_STANDARD = "gnu++0x";
				CLANG_CXX_LIBRARY = "libc++";
				CLANG_ENABLE_MODULES = YES;
				CLANG_ENABLE_OBJC_ARC = YES;
				CLANG_WARN_BOOL_CONVERSION = YES;
				CLANG_WARN_CONSTANT_CONVERSION = YES;
				CLANG_WARN_DIRECT_OBJC_ISA_USAGE = YES_ERROR;
				CLANG_WARN_EMPTY_BODY = YES;
				CLANG_WARN_ENUM_CONVERSION = YES;
				CLANG_WARN_INT_CONVERSION = YES;
				CLANG_WARN_OBJC_ROOT_CLASS = YES_ERROR;
				CLANG_WARN__DUPLICATE_METHOD_MATCH = YES;
				"CODE_SIGN_IDENTITY[sdk=iphoneos*]" = "iPhone Developer";
				COPY_PHASE_STRIP = NO;
				GCC_C_LANGUAGE_STANDARD = gnu99;
				GCC_DYNAMIC_NO_PIC = NO;
				GCC_OPTIMIZATION_LEVEL = 0;
				GCC_PREPROCESSOR_DEFINITIONS = (
					"DEBUG=1",
					"$(inherited)",
				);
				GCC_SYMBOLS_PRIVATE_EXTERN = NO;
				GCC_WARN_64_TO_32_BIT_CONVERSION = YES;
				GCC_WARN_ABOUT_RETURN_TYPE = YES_ERROR;
				GCC_WARN_UNDECLARED_SELECTOR = YES;
				GCC_WARN_UNINITIALIZED_AUTOS = YES;
				GCC_WARN_UNUSED_FUNCTION = YES;
				GCC_WARN_UNUSED_VARIABLE = YES;
				IPHONEOS_DEPLOYMENT_TARGET = 7.0;
				ONLY_ACTIVE_ARCH = YES;
				SDKROOT = iphoneos;
				TARGETED_DEVICE_FAMILY = "1,2";
			};
			name = Debug;
		};
		BCDAFB20184E78AD00CC5EC9 /* Release */ = {
			isa = XCBuildConfiguration;
			buildSettings = {
				ALWAYS_SEARCH_USER_PATHS = NO;
				ARCHS = "$(ARCHS_STANDARD_INCLUDING_64_BIT)";
				CLANG_CXX_LANGUAGE_STANDARD = "gnu++0x";
				CLANG_CXX_LIBRARY = "libc++";
				CLANG_ENABLE_MODULES = YES;
				CLANG_ENABLE_OBJC_ARC = YES;
				CLANG_WARN_BOOL_CONVERSION = YES;
				CLANG_WARN_CONSTANT_CONVERSION = YES;
				CLANG_WARN_DIRECT_OBJC_ISA_USAGE = YES_ERROR;
				CLANG_WARN_EMPTY_BODY = YES;
				CLANG_WARN_ENUM_CONVERSION = YES;
				CLANG_WARN_INT_CONVERSION = YES;
				CLANG_WARN_OBJC_ROOT_CLASS = YES_ERROR;
				CLANG_WARN__DUPLICATE_METHOD_MATCH = YES;
				"CODE_SIGN_IDENTITY[sdk=iphoneos*]" = "iPhone Developer";
				COPY_PHASE_STRIP = YES;
				ENABLE_NS_ASSERTIONS = NO;
				GCC_C_LANGUAGE_STANDARD = gnu99;
				GCC_WARN_64_TO_32_BIT_CONVERSION = YES;
				GCC_WARN_ABOUT_RETURN_TYPE = YES_ERROR;
				GCC_WARN_UNDECLARED_SELECTOR = YES;
				GCC_WARN_UNINITIALIZED_AUTOS = YES;
				GCC_WARN_UNUSED_FUNCTION = YES;
				GCC_WARN_UNUSED_VARIABLE = YES;
				IPHONEOS_DEPLOYMENT_TARGET = 7.0;
				SDKROOT = iphoneos;
				TARGETED_DEVICE_FAMILY = "1,2";
				VALIDATE_PRODUCT = YES;
			};
			name = Release;
		};
		BCDAFB22184E78AD00CC5EC9 /* Debug */ = {
			isa = XCBuildConfiguration;
			baseConfigurationReference = C6E42CA6FEEC4B6C8A84EA78 /* Pods.xcconfig */;
			buildSettings = {
				ASSETCATALOG_COMPILER_APPICON_NAME = AppIcon;
				ASSETCATALOG_COMPILER_LAUNCHIMAGE_NAME = LaunchImage;
				GCC_PRECOMPILE_PREFIX_HEADER = YES;
				GCC_PREFIX_HEADER = "DDColorPicker/DDColorPicker-Prefix.pch";
				INFOPLIST_FILE = "DDColorPicker/DDColorPicker-Info.plist";
				PRODUCT_NAME = "$(TARGET_NAME)";
				WRAPPER_EXTENSION = app;
			};
			name = Debug;
		};
		BCDAFB23184E78AD00CC5EC9 /* Release */ = {
			isa = XCBuildConfiguration;
			baseConfigurationReference = C6E42CA6FEEC4B6C8A84EA78 /* Pods.xcconfig */;
			buildSettings = {
				ASSETCATALOG_COMPILER_APPICON_NAME = AppIcon;
				ASSETCATALOG_COMPILER_LAUNCHIMAGE_NAME = LaunchImage;
				GCC_PRECOMPILE_PREFIX_HEADER = YES;
				GCC_PREFIX_HEADER = "DDColorPicker/DDColorPicker-Prefix.pch";
				INFOPLIST_FILE = "DDColorPicker/DDColorPicker-Info.plist";
				PRODUCT_NAME = "$(TARGET_NAME)";
				WRAPPER_EXTENSION = app;
			};
			name = Release;
		};
		BCDAFB25184E78AD00CC5EC9 /* Debug */ = {
			isa = XCBuildConfiguration;
			buildSettings = {
				ARCHS = "$(ARCHS_STANDARD_INCLUDING_64_BIT)";
				BUNDLE_LOADER = "$(BUILT_PRODUCTS_DIR)/DDColorPicker.app/DDColorPicker";
				FRAMEWORK_SEARCH_PATHS = (
					"$(SDKROOT)/Developer/Library/Frameworks",
					"$(inherited)",
					"$(DEVELOPER_FRAMEWORKS_DIR)",
				);
				GCC_PRECOMPILE_PREFIX_HEADER = YES;
				GCC_PREFIX_HEADER = "DDColorPicker/DDColorPicker-Prefix.pch";
				GCC_PREPROCESSOR_DEFINITIONS = (
					"DEBUG=1",
					"$(inherited)",
				);
				INFOPLIST_FILE = "DDColorPickerTests/DDColorPickerTests-Info.plist";
				PRODUCT_NAME = "$(TARGET_NAME)";
				TEST_HOST = "$(BUNDLE_LOADER)";
				WRAPPER_EXTENSION = xctest;
			};
			name = Debug;
		};
		BCDAFB26184E78AD00CC5EC9 /* Release */ = {
			isa = XCBuildConfiguration;
			buildSettings = {
				ARCHS = "$(ARCHS_STANDARD_INCLUDING_64_BIT)";
				BUNDLE_LOADER = "$(BUILT_PRODUCTS_DIR)/DDColorPicker.app/DDColorPicker";
				FRAMEWORK_SEARCH_PATHS = (
					"$(SDKROOT)/Developer/Library/Frameworks",
					"$(inherited)",
					"$(DEVELOPER_FRAMEWORKS_DIR)",
				);
				GCC_PRECOMPILE_PREFIX_HEADER = YES;
				GCC_PREFIX_HEADER = "DDColorPicker/DDColorPicker-Prefix.pch";
				INFOPLIST_FILE = "DDColorPickerTests/DDColorPickerTests-Info.plist";
				PRODUCT_NAME = "$(TARGET_NAME)";
				TEST_HOST = "$(BUNDLE_LOADER)";
				WRAPPER_EXTENSION = xctest;
			};
			name = Release;
		};
/* End XCBuildConfiguration section */

/* Begin XCConfigurationList section */
		BCDAFAE7184E78AD00CC5EC9 /* Build configuration list for PBXProject "DDColorPicker" */ = {
			isa = XCConfigurationList;
			buildConfigurations = (
				BCDAFB1F184E78AD00CC5EC9 /* Debug */,
				BCDAFB20184E78AD00CC5EC9 /* Release */,
			);
			defaultConfigurationIsVisible = 0;
			defaultConfigurationName = Release;
		};
		BCDAFB21184E78AD00CC5EC9 /* Build configuration list for PBXNativeTarget "DDColorPicker" */ = {
			isa = XCConfigurationList;
			buildConfigurations = (
				BCDAFB22184E78AD00CC5EC9 /* Debug */,
				BCDAFB23184E78AD00CC5EC9 /* Release */,
			);
			defaultConfigurationIsVisible = 0;
			defaultConfigurationName = Release;
		};
		BCDAFB24184E78AD00CC5EC9 /* Build configuration list for PBXNativeTarget "DDColorPickerTests" */ = {
			isa = XCConfigurationList;
			buildConfigurations = (
				BCDAFB25184E78AD00CC5EC9 /* Debug */,
				BCDAFB26184E78AD00CC5EC9 /* Release */,
			);
			defaultConfigurationIsVisible = 0;
			defaultConfigurationName = Release;
		};
/* End XCConfigurationList section */
	};
	rootObject = BCDAFAE4184E78AD00CC5EC9 /* Project object */;
}
